{
  "name": "clinic-os",
  "version": "0.0.0",
  "lockfileVersion": 3,
  "requires": true,
  "packages": {
    "": {
      "name": "clinic-os",
      "version": "0.0.0",
      "workspaces": [
        "apps/*",
        "packages/*"
      ],
      "engines": {
        "node": ">=22.0.0",
        "npm": ">=10.0.0"
      }
    },
    "apps/api": {
      "name": "@clinic-os/api",
      "version": "0.0.0"
    },
    "apps/mobile": {
      "name": "@clinic-os/mobile",
      "version": "0.0.0"
    },
    "apps/web": {
      "name": "@clinic-os/web",
      "version": "0.0.0"
    },
    "apps/worker": {
      "name": "@clinic-os/worker",
      "version": "0.0.0"
    },
    "node_modules/@clinic-os/api": {
      "resolved": "apps/api",
      "link": true
    },
    "node_modules/@clinic-os/api-contracts": {
      "resolved": "packages/api-contracts",
      "link": true
    },
    "node_modules/@clinic-os/auth": {
      "resolved": "packages/auth",
      "link": true
    },
    "node_modules/@clinic-os/config": {
      "resolved": "packages/config",
      "link": true
    },
    "node_modules/@clinic-os/db": {
      "resolved": "packages/db",
      "link": true
    },
    "node_modules/@clinic-os/domain": {
      "resolved": "packages/domain",
      "link": true
    },
    "node_modules/@clinic-os/fhir": {
      "resolved": "packages/fhir",
      "link": true
    },
    "node_modules/@clinic-os/integrations": {
      "resolved": "packages/integrations",
      "link": true
    },
    "node_modules/@clinic-os/mobile": {
      "resolved": "apps/mobile",
      "link": true
    },
    "node_modules/@clinic-os/observability": {
      "resolved": "packages/observability",
      "link": true
    },
    "node_modules/@clinic-os/security": {
      "resolved": "packages/security",
      "link": true
    },
    "node_modules/@clinic-os/ui": {
      "resolved": "packages/ui",
      "link": true
    },
    "node_modules/@clinic-os/web": {
      "resolved": "apps/web",
      "link": true
    },
    "node_modules/@clinic-os/worker": {
      "resolved": "apps/worker",
      "link": true
    },
    "node_modules/@clinic-os/workflow": {
      "resolved": "packages/workflow",
      "link": true
    },
    "packages/api-contracts": {
      "name": "@clinic-os/api-contracts",
      "version": "0.0.0"
    },
    "packages/auth": {
      "name": "@clinic-os/auth",
      "version": "0.0.0"
    },
    "packages/config": {
      "name": "@clinic-os/config",
      "version": "0.0.0"
    },
    "packages/db": {
      "name": "@clinic-os/db",
      "version": "0.0.0"
    },
    "packages/domain": {
      "name": "@clinic-os/domain",
      "version": "0.0.0"
    },
    "packages/fhir": {
      "name": "@clinic-os/fhir",
      "version": "0.0.0"
    },
    "packages/integrations": {
      "name": "@clinic-os/integrations",
      "version": "0.0.0"
    },
    "packages/observability": {
      "name": "@clinic-os/observability",
      "version": "0.0.0"
    },
    "packages/security": {
      "name": "@clinic-os/security",
      "version": "0.0.0"
    },
    "packages/ui": {
      "name": "@clinic-os/ui",
      "version": "0.0.0"
    },
    "packages/workflow": {
      "name": "@clinic-os/workflow",
      "version": "0.0.0"
    }
  }
}
